
Microsoft Visual Studio Solution File, Format Version 12.00
# Visual Studio 15
VisualStudioVersion = 15.0.28010.2050
MinimumVisualStudioVersion = 10.0.40219.1
Project("{2150E333-8FDC-42A3-9474-1A3956D46DE8}") = "Clients", "Clients", "{DE4E9C75-6403-426E-94ED-8A8E8CD4C002}"
EndProject
Project("{2150E333-8FDC-42A3-9474-1A3956D46DE8}") = "Cloud", "Cloud", "{D9FFC104-5F23-4C66-86B1-5E41CA3D0441}"
EndProject
Project("{2150E333-8FDC-42A3-9474-1A3956D46DE8}") = "Azure", "Azure", "{04EE6322-2988-42BD-B423-A88B6CB36E6B}"
EndProject
Project("{2150E333-8FDC-42A3-9474-1A3956D46DE8}") = "Classes", "Classes", "{3B28F45C-508C-4AFB-9041-2D84ABEC7682}"
EndProject
Project("{2150E333-8FDC-42A3-9474-1A3956D46DE8}") = "Tests", "Tests", "{8E2C170C-B4DC-4AF0-A4E5-9B97218D3FC7}"
EndProject
Project("{2150E333-8FDC-42A3-9474-1A3956D46DE8}") = "Website", "Website", "{85754494-A08E-4D79-AD90-CCFD58C6992F}"
EndProject
Project("{2150E333-8FDC-42A3-9474-1A3956D46DE8}") = "Xamarin", "Xamarin", "{946D77A5-30B2-4893-A59B-684353FAAF51}"
EndProject
Global
	GlobalSection(SolutionProperties) = preSolution
		HideSolutionNode = FALSE
	EndGlobalSection
	GlobalSection(NestedProjects) = preSolution
		{04EE6322-2988-42BD-B423-A88B6CB36E6B} = {D9FFC104-5F23-4C66-86B1-5E41CA3D0441}
		{3B28F45C-508C-4AFB-9041-2D84ABEC7682} = {D9FFC104-5F23-4C66-86B1-5E41CA3D0441}
		{8E2C170C-B4DC-4AF0-A4E5-9B97218D3FC7} = {D9FFC104-5F23-4C66-86B1-5E41CA3D0441}
		{85754494-A08E-4D79-AD90-CCFD58C6992F} = {DE4E9C75-6403-426E-94ED-8A8E8CD4C002}
		{946D77A5-30B2-4893-A59B-684353FAAF51} = {DE4E9C75-6403-426E-94ED-8A8E8CD4C002}
	EndGlobalSection
	GlobalSection(ExtensibilityGlobals) = postSolution
		SolutionGuid = {1E7A1856-2FF0-4E85-916C-C8466B63B227}
	EndGlobalSection
EndGlobal
