
Microsoft Visual Studio Solution File, Format Version 12.00
# Visual Studio 15
VisualStudioVersion = 15.0.28010.2026
MinimumVisualStudioVersion = 10.0.40219.1
Project("{FAE04EC0-301F-11D3-BF4B-00C04F79EFBC}") = "KattisStarter12", "KattisStarter12\KattisStarter12.csproj", "{740325BF-0AB7-4840-8C8C-42F4DF34FC59}"
EndProject
Global
	GlobalSection(SolutionConfigurationPlatforms) = preSolution
		Debug|Any CPU = Debug|Any CPU
		Release|Any CPU = Release|Any CPU
	EndGlobalSection
	GlobalSection(ProjectConfigurationPlatforms) = postSolution
		{740325BF-0AB7-4840-8C8C-42F4DF34FC59}.Debug|Any CPU.ActiveCfg = Debug|Any CPU
		{740325BF-0AB7-4840-8C8C-42F4DF34FC59}.Debug|Any CPU.Build.0 = Debug|Any CPU
		{740325BF-0AB7-4840-8C8C-42F4DF34FC59}.Release|Any CPU.ActiveCfg = Release|Any CPU
		{740325BF-0AB7-4840-8C8C-42F4DF34FC59}.Release|Any CPU.Build.0 = Release|Any CPU
	EndGlobalSection
	GlobalSection(SolutionProperties) = preSolution
		HideSolutionNode = FALSE
	EndGlobalSection
	GlobalSection(ExtensibilityGlobals) = postSolution
		SolutionGuid = {13DC36B5-ED0A-4414-AEEB-E69C35227A5C}
	EndGlobalSection
EndGlobal
