
Microsoft Visual Studio Solution File, Format Version 12.00
# Visual Studio 15
VisualStudioVersion = 15.0.28010.2026
MinimumVisualStudioVersion = 10.0.40219.1
Project("{FAE04EC0-301F-11D3-BF4B-00C04F79EFBC}") = "KattisStarter14", "KattisStarter14\KattisStarter14.csproj", "{C6E8E700-544B-46B8-AF67-11BBC910339A}"
EndProject
Global
	GlobalSection(SolutionConfigurationPlatforms) = preSolution
		Debug|Any CPU = Debug|Any CPU
		Release|Any CPU = Release|Any CPU
	EndGlobalSection
	GlobalSection(ProjectConfigurationPlatforms) = postSolution
		{C6E8E700-544B-46B8-AF67-11BBC910339A}.Debug|Any CPU.ActiveCfg = Debug|Any CPU
		{C6E8E700-544B-46B8-AF67-11BBC910339A}.Debug|Any CPU.Build.0 = Debug|Any CPU
		{C6E8E700-544B-46B8-AF67-11BBC910339A}.Release|Any CPU.ActiveCfg = Release|Any CPU
		{C6E8E700-544B-46B8-AF67-11BBC910339A}.Release|Any CPU.Build.0 = Release|Any CPU
	EndGlobalSection
	GlobalSection(SolutionProperties) = preSolution
		HideSolutionNode = FALSE
	EndGlobalSection
	GlobalSection(ExtensibilityGlobals) = postSolution
		SolutionGuid = {B73203F3-BE50-4356-A242-F293A451F21E}
	EndGlobalSection
EndGlobal
